
Microsoft Visual Studio Solution File, Format Version 12.00
# Visual Studio Version 16
VisualStudioVersion = 16.0.31229.75
MinimumVisualStudioVersion = 10.0.40219.1
Project("{FAE04EC0-301F-11D3-BF4B-00C04F79EFBC}") = "LauncherCorp V3", "LauncherCorp V3.csproj", "{CCEE6B64-8CA9-44C4-A64C-87F6140ACC1D}"
EndProject
Global
	GlobalSection(SolutionConfigurationPlatforms) = preSolution
		Debug|Any CPU = Debug|Any CPU
		Release|Any CPU = Release|Any CPU
	EndGlobalSection
	GlobalSection(ProjectConfigurationPlatforms) = postSolution
		{CCEE6B64-8CA9-44C4-A64C-87F6140ACC1D}.Debug|Any CPU.ActiveCfg = Debug|Any CPU
		{CCEE6B64-8CA9-44C4-A64C-87F6140ACC1D}.Debug|Any CPU.Build.0 = Debug|Any CPU
		{CCEE6B64-8CA9-44C4-A64C-87F6140ACC1D}.Release|Any CPU.ActiveCfg = Release|Any CPU
		{CCEE6B64-8CA9-44C4-A64C-87F6140ACC1D}.Release|Any CPU.Build.0 = Release|Any CPU
	EndGlobalSection
	GlobalSection(SolutionProperties) = preSolution
		HideSolutionNode = FALSE
	EndGlobalSection
	GlobalSection(ExtensibilityGlobals) = postSolution
		SolutionGuid = {24E580F5-C894-4D82-9594-9D7A5B387A59}
	EndGlobalSection
EndGlobal
